
Microsoft Visual Studio Solution File, Format Version 12.00
# Visual Studio 15
VisualStudioVersion = 15.0.27428.2037
MinimumVisualStudioVersion = 10.0.40219.1
Project("{FAE04EC0-301F-11D3-BF4B-00C04F79EFBC}") = "CoreDemoApp", "CoreDemoApp\CoreDemoApp.csproj", "{153DEB4B-8BFF-4F55-B7FD-7C0F972FA0D3}"
EndProject
Global
	GlobalSection(SolutionConfigurationPlatforms) = preSolution
		Debug|Any CPU = Debug|Any CPU
		Release|Any CPU = Release|Any CPU
	EndGlobalSection
	GlobalSection(ProjectConfigurationPlatforms) = postSolution
		{153DEB4B-8BFF-4F55-B7FD-7C0F972FA0D3}.Debug|Any CPU.ActiveCfg = Debug|Any CPU
		{153DEB4B-8BFF-4F55-B7FD-7C0F972FA0D3}.Debug|Any CPU.Build.0 = Debug|Any CPU
		{153DEB4B-8BFF-4F55-B7FD-7C0F972FA0D3}.Release|Any CPU.ActiveCfg = Release|Any CPU
		{153DEB4B-8BFF-4F55-B7FD-7C0F972FA0D3}.Release|Any CPU.Build.0 = Release|Any CPU
	EndGlobalSection
	GlobalSection(SolutionProperties) = preSolution
		HideSolutionNode = FALSE
	EndGlobalSection
	GlobalSection(ExtensibilityGlobals) = postSolution
		SolutionGuid = {F12BBF68-BB22-4938-9A9A-02D99EF15C7D}
	EndGlobalSection
EndGlobal
